
Microsoft Visual Studio Solution File, Format Version 12.00
# Visual Studio Version 16
VisualStudioVersion = 16.0.30907.101
MinimumVisualStudioVersion = 10.0.40219.1
Project("{FAE04EC0-301F-11D3-BF4B-00C04F79EFBC}") = "WpfApp1", "WpfApp1\WpfApp1.csproj", "{02BF1BAB-062B-433B-BF13-06C9DF7CAE2A}"
EndProject
Global
	GlobalSection(SolutionConfigurationPlatforms) = preSolution
		Debug|Any CPU = Debug|Any CPU
		Release|Any CPU = Release|Any CPU
	EndGlobalSection
	GlobalSection(ProjectConfigurationPlatforms) = postSolution
		{02BF1BAB-062B-433B-BF13-06C9DF7CAE2A}.Debug|Any CPU.ActiveCfg = Debug|Any CPU
		{02BF1BAB-062B-433B-BF13-06C9DF7CAE2A}.Debug|Any CPU.Build.0 = Debug|Any CPU
		{02BF1BAB-062B-433B-BF13-06C9DF7CAE2A}.Release|Any CPU.ActiveCfg = Release|Any CPU
		{02BF1BAB-062B-433B-BF13-06C9DF7CAE2A}.Release|Any CPU.Build.0 = Release|Any CPU
	EndGlobalSection
	GlobalSection(SolutionProperties) = preSolution
		HideSolutionNode = FALSE
	EndGlobalSection
	GlobalSection(ExtensibilityGlobals) = postSolution
		SolutionGuid = {06939CB4-1B67-4250-BD06-E7A476385DB7}
	EndGlobalSection
EndGlobal
